
Microsoft Visual Studio Solution File, Format Version 12.00
# Visual Studio 15
VisualStudioVersion = 15.0.27130.2027
MinimumVisualStudioVersion = 10.0.40219.1
Project("{FAE04EC0-301F-11D3-BF4B-00C04F79EFBC}") = "SVNE", "SVNE\SVNE.csproj", "{20739087-A04F-4AB2-BF35-0425A3060F69}"
EndProject
Global
	GlobalSection(SolutionConfigurationPlatforms) = preSolution
		Debug|Any CPU = Debug|Any CPU
		Release|Any CPU = Release|Any CPU
	EndGlobalSection
	GlobalSection(ProjectConfigurationPlatforms) = postSolution
		{20739087-A04F-4AB2-BF35-0425A3060F69}.Debug|Any CPU.ActiveCfg = Debug|Any CPU
		{20739087-A04F-4AB2-BF35-0425A3060F69}.Debug|Any CPU.Build.0 = Debug|Any CPU
		{20739087-A04F-4AB2-BF35-0425A3060F69}.Release|Any CPU.ActiveCfg = Release|Any CPU
		{20739087-A04F-4AB2-BF35-0425A3060F69}.Release|Any CPU.Build.0 = Release|Any CPU
	EndGlobalSection
	GlobalSection(SolutionProperties) = preSolution
		HideSolutionNode = FALSE
	EndGlobalSection
	GlobalSection(ExtensibilityGlobals) = postSolution
		SolutionGuid = {C8520D9D-E2D1-4F8B-B454-89B3D1CD7FEC}
	EndGlobalSection
EndGlobal
